
Microsoft Visual Studio Solution File, Format Version 12.00
# Visual Studio Version 17
VisualStudioVersion = 17.10.35013.160
MinimumVisualStudioVersion = 10.0.40219.1
Project("{FAE04EC0-301F-11D3-BF4B-00C04F79EFBC}") = "PokemonPreview", "PokemonPreview.csproj", "{BF7DDD55-D374-4EAB-B9E6-3AE968028E48}"
EndProject
Global
	GlobalSection(SolutionConfigurationPlatforms) = preSolution
		Debug|Any CPU = Debug|Any CPU
		Release|Any CPU = Release|Any CPU
	EndGlobalSection
	GlobalSection(ProjectConfigurationPlatforms) = postSolution
		{BF7DDD55-D374-4EAB-B9E6-3AE968028E48}.Debug|Any CPU.ActiveCfg = Debug|Any CPU
		{BF7DDD55-D374-4EAB-B9E6-3AE968028E48}.Debug|Any CPU.Build.0 = Debug|Any CPU
		{BF7DDD55-D374-4EAB-B9E6-3AE968028E48}.Release|Any CPU.ActiveCfg = Release|Any CPU
		{BF7DDD55-D374-4EAB-B9E6-3AE968028E48}.Release|Any CPU.Build.0 = Release|Any CPU
	EndGlobalSection
	GlobalSection(SolutionProperties) = preSolution
		HideSolutionNode = FALSE
	EndGlobalSection
	GlobalSection(ExtensibilityGlobals) = postSolution
		SolutionGuid = {1E0A5AF3-B85B-432D-A2D5-C15E67B65748}
	EndGlobalSection
EndGlobal
